
Microsoft Visual Studio Solution File, Format Version 12.00
# Visual Studio Version 17
VisualStudioVersion = 17.13.35818.85 d17.13
MinimumVisualStudioVersion = 10.0.40219.1
Project("{FAE04EC0-301F-11D3-BF4B-00C04F79EFBC}") = "JobWebApp", "JobWebApp\JobWebApp.csproj", "{D093E923-98FF-43CC-A035-08D4FDD042C3}"
EndProject
Global
	GlobalSection(SolutionConfigurationPlatforms) = preSolution
		Debug|Any CPU = Debug|Any CPU
		Release|Any CPU = Release|Any CPU
	EndGlobalSection
	GlobalSection(ProjectConfigurationPlatforms) = postSolution
		{D093E923-98FF-43CC-A035-08D4FDD042C3}.Debug|Any CPU.ActiveCfg = Debug|Any CPU
		{D093E923-98FF-43CC-A035-08D4FDD042C3}.Debug|Any CPU.Build.0 = Debug|Any CPU
		{D093E923-98FF-43CC-A035-08D4FDD042C3}.Release|Any CPU.ActiveCfg = Release|Any CPU
		{D093E923-98FF-43CC-A035-08D4FDD042C3}.Release|Any CPU.Build.0 = Release|Any CPU
	EndGlobalSection
	GlobalSection(SolutionProperties) = preSolution
		HideSolutionNode = FALSE
	EndGlobalSection
	GlobalSection(ExtensibilityGlobals) = postSolution
		SolutionGuid = {8C292FD0-0914-4506-A2D2-0A1EFC33473B}
	EndGlobalSection
EndGlobal
